{
  "nodes": {
    "nix-darwin": {
      "inputs": {
        "nixpkgs": [
          "nixpkgs"
        ]
      },
      "locked": {
        "lastModified": 1645293039,
        "narHash": "sha256-PwdDu+SkX8dreeuJ/4av1sEluNZdrpdXv8JsRKKg1Yc=",
        "owner": "lnl7",
        "repo": "nix-darwin",
        "rev": "1df878b6f8351795a3bebfbe4fd2d02e1e8b29d6",
        "type": "github"
      },
      "original": {
        "owner": "lnl7",
        "ref": "master",
        "repo": "nix-darwin",
        "type": "github"
      }
    },
    "nixpkgs": {
      "locked": {
        "lastModified": 1645438073,
        "narHash": "sha256-28JjOQcqiTfXnwgvBsnlrsWd02FqHqadOWJ5f+qEPD0=",
        "owner": "nixos",
        "repo": "nixpkgs",
        "rev": "e28b0fb5c89110eb4f35cfaf9d9d01fcd84f6dd6",
        "type": "github"
      },
      "original": {
        "owner": "nixos",
        "ref": "master",
        "repo": "nixpkgs",
        "type": "github"
      }
    },
    "root": {
      "inputs": {
        "nix-darwin": "nix-darwin",
        "nixpkgs": "nixpkgs",
        "sops-nix": "sops-nix"
      }
    },
    "sops-nix": {
      "inputs": {
        "nixpkgs": [
          "nixpkgs"
        ]
      },
      "locked": {
        "lastModified": 1645434840,
        "narHash": "sha256-C8gH2YOtk8atRRpmEZUGpvDUNfNXFtftobvYdNFqdHI=",
        "owner": "Mic92",
        "repo": "sops-nix",
        "rev": "cda46de69a7acef8df1ac07d27c2c2b1a8be8f21",
        "type": "github"
      },
      "original": {
        "owner": "Mic92",
        "repo": "sops-nix",
        "type": "github"
      }
    }
  },
  "root": "root",
  "version": 7
}
